
Microsoft Visual Studio Solution File, Format Version 12.00
# Visual Studio 2013
VisualStudioVersion = 12.0.31101.0
MinimumVisualStudioVersion = 10.0.40219.1
Project("{FAE04EC0-301F-11D3-BF4B-00C04F79EFBC}") = "InterviewQuestions", "InterviewQuestions\InterviewQuestions.csproj", "{65F6153B-0E12-4AE3-97FD-DB2052450FE3}"
EndProject
Project("{FAE04EC0-301F-11D3-BF4B-00C04F79EFBC}") = "Recursion", "Recursion\Recursion.csproj", "{9AF9047F-8C63-428D-8283-B31F6C0CCE29}"
EndProject
Project("{FAE04EC0-301F-11D3-BF4B-00C04F79EFBC}") = "FindMissingInts", "FindMissingInts\FindMissingInts.csproj", "{B850143B-F9B6-430A-87D8-18581F8E6194}"
EndProject
Project("{FAE04EC0-301F-11D3-BF4B-00C04F79EFBC}") = "CardShuffler", "CardShuffler\CardShuffler.csproj", "{896AC579-A7B9-46BE-AAA5-D3B936649091}"
EndProject
Project("{FAE04EC0-301F-11D3-BF4B-00C04F79EFBC}") = "NestedLoops", "NestedLoops\NestedLoops.csproj", "{030DEDF8-757A-4457-8A92-A52E789049AF}"
EndProject
Project("{FAE04EC0-301F-11D3-BF4B-00C04F79EFBC}") = "BookReview", "BookReview\BookReview.csproj", "{48C2ADD4-7ADD-48B5-9053-3B27CCE77246}"
EndProject
Global
	GlobalSection(SolutionConfigurationPlatforms) = preSolution
		Debug|Any CPU = Debug|Any CPU
		Release|Any CPU = Release|Any CPU
	EndGlobalSection
	GlobalSection(ProjectConfigurationPlatforms) = postSolution
		{65F6153B-0E12-4AE3-97FD-DB2052450FE3}.Debug|Any CPU.ActiveCfg = Debug|Any CPU
		{65F6153B-0E12-4AE3-97FD-DB2052450FE3}.Debug|Any CPU.Build.0 = Debug|Any CPU
		{65F6153B-0E12-4AE3-97FD-DB2052450FE3}.Release|Any CPU.ActiveCfg = Release|Any CPU
		{65F6153B-0E12-4AE3-97FD-DB2052450FE3}.Release|Any CPU.Build.0 = Release|Any CPU
		{9AF9047F-8C63-428D-8283-B31F6C0CCE29}.Debug|Any CPU.ActiveCfg = Debug|Any CPU
		{9AF9047F-8C63-428D-8283-B31F6C0CCE29}.Debug|Any CPU.Build.0 = Debug|Any CPU
		{9AF9047F-8C63-428D-8283-B31F6C0CCE29}.Release|Any CPU.ActiveCfg = Release|Any CPU
		{9AF9047F-8C63-428D-8283-B31F6C0CCE29}.Release|Any CPU.Build.0 = Release|Any CPU
		{B850143B-F9B6-430A-87D8-18581F8E6194}.Debug|Any CPU.ActiveCfg = Debug|Any CPU
		{B850143B-F9B6-430A-87D8-18581F8E6194}.Debug|Any CPU.Build.0 = Debug|Any CPU
		{B850143B-F9B6-430A-87D8-18581F8E6194}.Release|Any CPU.ActiveCfg = Release|Any CPU
		{B850143B-F9B6-430A-87D8-18581F8E6194}.Release|Any CPU.Build.0 = Release|Any CPU
		{896AC579-A7B9-46BE-AAA5-D3B936649091}.Debug|Any CPU.ActiveCfg = Debug|Any CPU
		{896AC579-A7B9-46BE-AAA5-D3B936649091}.Debug|Any CPU.Build.0 = Debug|Any CPU
		{896AC579-A7B9-46BE-AAA5-D3B936649091}.Release|Any CPU.ActiveCfg = Release|Any CPU
		{896AC579-A7B9-46BE-AAA5-D3B936649091}.Release|Any CPU.Build.0 = Release|Any CPU
		{030DEDF8-757A-4457-8A92-A52E789049AF}.Debug|Any CPU.ActiveCfg = Debug|Any CPU
		{030DEDF8-757A-4457-8A92-A52E789049AF}.Debug|Any CPU.Build.0 = Debug|Any CPU
		{030DEDF8-757A-4457-8A92-A52E789049AF}.Release|Any CPU.ActiveCfg = Release|Any CPU
		{030DEDF8-757A-4457-8A92-A52E789049AF}.Release|Any CPU.Build.0 = Release|Any CPU
		{48C2ADD4-7ADD-48B5-9053-3B27CCE77246}.Debug|Any CPU.ActiveCfg = Debug|Any CPU
		{48C2ADD4-7ADD-48B5-9053-3B27CCE77246}.Debug|Any CPU.Build.0 = Debug|Any CPU
		{48C2ADD4-7ADD-48B5-9053-3B27CCE77246}.Release|Any CPU.ActiveCfg = Release|Any CPU
		{48C2ADD4-7ADD-48B5-9053-3B27CCE77246}.Release|Any CPU.Build.0 = Release|Any CPU
	EndGlobalSection
	GlobalSection(SolutionProperties) = preSolution
		HideSolutionNode = FALSE
	EndGlobalSection
EndGlobal
